
Microsoft Visual Studio Solution File, Format Version 12.00
# Visual Studio 14
VisualStudioVersion = 14.0.25420.1
MinimumVisualStudioVersion = 10.0.40219.1
Project("{FAE04EC0-301F-11D3-BF4B-00C04F79EFBC}") = "WordPressPCL", "WordPressPCL.csproj", "{F923C1C2-3BA1-4F42-BB2B-9E6F6D525DFD}"
EndProject
Global
	GlobalSection(SolutionConfigurationPlatforms) = preSolution
		Debug|Any CPU = Debug|Any CPU
		Release|Any CPU = Release|Any CPU
	EndGlobalSection
	GlobalSection(ProjectConfigurationPlatforms) = postSolution
		{F923C1C2-3BA1-4F42-BB2B-9E6F6D525DFD}.Debug|Any CPU.ActiveCfg = Debug|Any CPU
		{F923C1C2-3BA1-4F42-BB2B-9E6F6D525DFD}.Debug|Any CPU.Build.0 = Debug|Any CPU
		{F923C1C2-3BA1-4F42-BB2B-9E6F6D525DFD}.Release|Any CPU.ActiveCfg = Release|Any CPU
		{F923C1C2-3BA1-4F42-BB2B-9E6F6D525DFD}.Release|Any CPU.Build.0 = Release|Any CPU
	EndGlobalSection
	GlobalSection(SolutionProperties) = preSolution
		HideSolutionNode = FALSE
	EndGlobalSection
EndGlobal
